# This file is automatically @generated by Cargo.
# It is not intended for manual editing.
version = 4

[[package]]
name = "compcol"
version = "0.6.8"
source = "registry+https://github.com/rust-lang/crates.io-index"
checksum = "28b37ce533aa0fddc1e6820e331968ba72aa48b5c8bbb2bebdc03d48b6ed0f16"

[[package]]
name = "rust-codecs-base"
version = "0.1.0"
dependencies = [
 "compcol",
]
